
Microsoft Visual Studio Solution File, Format Version 12.00
# Visual Studio Version 16
VisualStudioVersion = 16.0.30114.105
MinimumVisualStudioVersion = 10.0.40219.1
Project("{FAE04EC0-301F-11D3-BF4B-00C04F79EFBC}") = "BDSA-Assignment0", "BDSA-Assignment0\BDSA-Assignment0.csproj", "{256C2E1F-3944-4293-B9F8-405A058E5AA9}"
EndProject
Project("{FAE04EC0-301F-11D3-BF4B-00C04F79EFBC}") = "BDSA-Assignment0.Tests", "BDSA-Assignment0.Tests\BDSA-Assignment0.Tests.csproj", "{7226F138-0906-4A9F-AEBE-E0092111F32B}"
EndProject
Global
	GlobalSection(SolutionConfigurationPlatforms) = preSolution
		Debug|Any CPU = Debug|Any CPU
		Debug|x64 = Debug|x64
		Debug|x86 = Debug|x86
		Release|Any CPU = Release|Any CPU
		Release|x64 = Release|x64
		Release|x86 = Release|x86
	EndGlobalSection
	GlobalSection(SolutionProperties) = preSolution
		HideSolutionNode = FALSE
	EndGlobalSection
	GlobalSection(ProjectConfigurationPlatforms) = postSolution
		{256C2E1F-3944-4293-B9F8-405A058E5AA9}.Debug|Any CPU.ActiveCfg = Debug|Any CPU
		{256C2E1F-3944-4293-B9F8-405A058E5AA9}.Debug|Any CPU.Build.0 = Debug|Any CPU
		{256C2E1F-3944-4293-B9F8-405A058E5AA9}.Debug|x64.ActiveCfg = Debug|Any CPU
		{256C2E1F-3944-4293-B9F8-405A058E5AA9}.Debug|x64.Build.0 = Debug|Any CPU
		{256C2E1F-3944-4293-B9F8-405A058E5AA9}.Debug|x86.ActiveCfg = Debug|Any CPU
		{256C2E1F-3944-4293-B9F8-405A058E5AA9}.Debug|x86.Build.0 = Debug|Any CPU
		{256C2E1F-3944-4293-B9F8-405A058E5AA9}.Release|Any CPU.ActiveCfg = Release|Any CPU
		{256C2E1F-3944-4293-B9F8-405A058E5AA9}.Release|Any CPU.Build.0 = Release|Any CPU
		{256C2E1F-3944-4293-B9F8-405A058E5AA9}.Release|x64.ActiveCfg = Release|Any CPU
		{256C2E1F-3944-4293-B9F8-405A058E5AA9}.Release|x64.Build.0 = Release|Any CPU
		{256C2E1F-3944-4293-B9F8-405A058E5AA9}.Release|x86.ActiveCfg = Release|Any CPU
		{256C2E1F-3944-4293-B9F8-405A058E5AA9}.Release|x86.Build.0 = Release|Any CPU
		{7226F138-0906-4A9F-AEBE-E0092111F32B}.Debug|Any CPU.ActiveCfg = Debug|Any CPU
		{7226F138-0906-4A9F-AEBE-E0092111F32B}.Debug|Any CPU.Build.0 = Debug|Any CPU
		{7226F138-0906-4A9F-AEBE-E0092111F32B}.Debug|x64.ActiveCfg = Debug|Any CPU
		{7226F138-0906-4A9F-AEBE-E0092111F32B}.Debug|x64.Build.0 = Debug|Any CPU
		{7226F138-0906-4A9F-AEBE-E0092111F32B}.Debug|x86.ActiveCfg = Debug|Any CPU
		{7226F138-0906-4A9F-AEBE-E0092111F32B}.Debug|x86.Build.0 = Debug|Any CPU
		{7226F138-0906-4A9F-AEBE-E0092111F32B}.Release|Any CPU.ActiveCfg = Release|Any CPU
		{7226F138-0906-4A9F-AEBE-E0092111F32B}.Release|Any CPU.Build.0 = Release|Any CPU
		{7226F138-0906-4A9F-AEBE-E0092111F32B}.Release|x64.ActiveCfg = Release|Any CPU
		{7226F138-0906-4A9F-AEBE-E0092111F32B}.Release|x64.Build.0 = Release|Any CPU
		{7226F138-0906-4A9F-AEBE-E0092111F32B}.Release|x86.ActiveCfg = Release|Any CPU
		{7226F138-0906-4A9F-AEBE-E0092111F32B}.Release|x86.Build.0 = Release|Any CPU
	EndGlobalSection
EndGlobal
